
Microsoft Visual Studio Solution File, Format Version 12.00
# Visual Studio Version 16
VisualStudioVersion = 16.0.30225.117
MinimumVisualStudioVersion = 10.0.40219.1
Project("{9A19103F-16F7-4668-BE54-9A1E7A4F7556}") = "Skuo.Snowflake", "src\Skuo.Snowflake\Skuo.Snowflake.csproj", "{C02C63FD-D614-4480-B962-5D4E56A66808}"
EndProject
Project("{FAE04EC0-301F-11D3-BF4B-00C04F79EFBC}") = "Skuo.Snowflake.Test", "src\Skuo.Snowflake.Test\Skuo.Snowflake.Test.csproj", "{9062F061-7E66-4EE2-9FBF-3025F1218C16}"
EndProject
Global
	GlobalSection(SolutionConfigurationPlatforms) = preSolution
		Debug|Any CPU = Debug|Any CPU
		Release|Any CPU = Release|Any CPU
	EndGlobalSection
	GlobalSection(ProjectConfigurationPlatforms) = postSolution
		{C02C63FD-D614-4480-B962-5D4E56A66808}.Debug|Any CPU.ActiveCfg = Debug|Any CPU
		{C02C63FD-D614-4480-B962-5D4E56A66808}.Debug|Any CPU.Build.0 = Debug|Any CPU
		{C02C63FD-D614-4480-B962-5D4E56A66808}.Release|Any CPU.ActiveCfg = Release|Any CPU
		{C02C63FD-D614-4480-B962-5D4E56A66808}.Release|Any CPU.Build.0 = Release|Any CPU
		{9062F061-7E66-4EE2-9FBF-3025F1218C16}.Debug|Any CPU.ActiveCfg = Debug|Any CPU
		{9062F061-7E66-4EE2-9FBF-3025F1218C16}.Debug|Any CPU.Build.0 = Debug|Any CPU
		{9062F061-7E66-4EE2-9FBF-3025F1218C16}.Release|Any CPU.ActiveCfg = Release|Any CPU
		{9062F061-7E66-4EE2-9FBF-3025F1218C16}.Release|Any CPU.Build.0 = Release|Any CPU
	EndGlobalSection
	GlobalSection(SolutionProperties) = preSolution
		HideSolutionNode = FALSE
	EndGlobalSection
	GlobalSection(ExtensibilityGlobals) = postSolution
		SolutionGuid = {061B1ADE-F688-4433-80E9-7FECF9AB5AC8}
	EndGlobalSection
EndGlobal
